// !$*UTF8*$!
{
	archiveVersion = 1;
	classes = {
	};
	objectVersion = 56;
	objects = {

/* Begin PBXBuildFile section */
		953E14CF2A2A2413006F1BB1 /* Domain.framework in Frameworks */ = {isa = PBXBuildFile; fileRef = 95C57E362A25311700D7565F /* Domain.framework */; };
		953E14D02A2A2413006F1BB1 /* Domain.framework in Embed Frameworks */ = {isa = PBXBuildFile; fileRef = 95C57E362A25311700D7565F /* Domain.framework */; settings = {ATTRIBUTES = (CodeSignOnCopy, RemoveHeadersOnCopy, ); }; };
		953E14DB2A2A8FD0006F1BB1 /* ListTopics.swift in Sources */ = {isa = PBXBuildFile; fileRef = 953E14DA2A2A8FD0006F1BB1 /* ListTopics.swift */; };
		953E14DD2A2A947D006F1BB1 /* FormTopic.swift in Sources */ = {isa = PBXBuildFile; fileRef = 953E14DC2A2A947D006F1BB1 /* FormTopic.swift */; };
		95BAC5FD2A2987D1008D06E8 /* Data.framework in Frameworks */ = {isa = PBXBuildFile; fileRef = 95BAC5F52A2987D1008D06E8 /* Data.framework */; };
		95BAC6042A2987D1008D06E8 /* DataTests.swift in Sources */ = {isa = PBXBuildFile; fileRef = 95BAC6032A2987D1008D06E8 /* DataTests.swift */; };
		95BAC61D2A298C10008D06E8 /* PresentationApp.swift in Sources */ = {isa = PBXBuildFile; fileRef = 95BAC61C2A298C10008D06E8 /* PresentationApp.swift */; };
		95BAC61F2A298C10008D06E8 /* TopicView.swift in Sources */ = {isa = PBXBuildFile; fileRef = 95BAC61E2A298C10008D06E8 /* TopicView.swift */; };
		95BAC6212A298C11008D06E8 /* Assets.xcassets in Resources */ = {isa = PBXBuildFile; fileRef = 95BAC6202A298C11008D06E8 /* Assets.xcassets */; };
		95BAC6252A298C11008D06E8 /* Preview Assets.xcassets in Resources */ = {isa = PBXBuildFile; fileRef = 95BAC6242A298C11008D06E8 /* Preview Assets.xcassets */; };
		95BAC62A2A298C62008D06E8 /* Data.framework in Frameworks */ = {isa = PBXBuildFile; fileRef = 95BAC5F52A2987D1008D06E8 /* Data.framework */; };
		95BAC62B2A298C62008D06E8 /* Data.framework in Embed Frameworks */ = {isa = PBXBuildFile; fileRef = 95BAC5F52A2987D1008D06E8 /* Data.framework */; settings = {ATTRIBUTES = (CodeSignOnCopy, RemoveHeadersOnCopy, ); }; };
		95C57E662A25396B00D7565F /* UseCases.framework in Frameworks */ = {isa = PBXBuildFile; fileRef = 95C57E5E2A25396B00D7565F /* UseCases.framework */; };
		95CF7CF12A2B9C3300C349C3 /* FormEditCard.swift in Sources */ = {isa = PBXBuildFile; fileRef = 95CF7CF02A2B9C3300C349C3 /* FormEditCard.swift */; };
		95DEDD112A2CDAF6000C40BE /* ListCards.swift in Sources */ = {isa = PBXBuildFile; fileRef = 95DEDD102A2CDAF6000C40BE /* ListCards.swift */; };
		95DEDD132A2CDCA3000C40BE /* FormCreateCard.swift in Sources */ = {isa = PBXBuildFile; fileRef = 95DEDD122A2CDCA3000C40BE /* FormCreateCard.swift */; };
		95E3F3932A2AE4E70026C09B /* CardView.swift in Sources */ = {isa = PBXBuildFile; fileRef = 95E3F3922A2AE4E70026C09B /* CardView.swift */; };
		95E3F39E2A2B87960026C09B /* ButtonModify.swift in Sources */ = {isa = PBXBuildFile; fileRef = 95E3F39D2A2B87960026C09B /* ButtonModify.swift */; };
		95ECB8332A683DCB00D45148 /* Create+.swift in Sources */ = {isa = PBXBuildFile; fileRef = 95ECB81F2A683AAB00D45148 /* Create+.swift */; };
		95ECB8342A683DCB00D45148 /* Deck.xcdatamodeld in Sources */ = {isa = PBXBuildFile; fileRef = 95AAE9172A2C200D002CE9B8 /* Deck.xcdatamodeld */; };
		95ECB8352A683DCB00D45148 /* DataController.swift in Sources */ = {isa = PBXBuildFile; fileRef = 95BAC6142A298A8E008D06E8 /* DataController.swift */; };
		95ECB83C2A6853CD00D45148 /* SubTopics+CoreDataClass.swift in Sources */ = {isa = PBXBuildFile; fileRef = 95ECB8362A6853CD00D45148 /* SubTopics+CoreDataClass.swift */; };
		95ECB83D2A6853CD00D45148 /* SubTopics+CoreDataProperties.swift in Sources */ = {isa = PBXBuildFile; fileRef = 95ECB8372A6853CD00D45148 /* SubTopics+CoreDataProperties.swift */; };
		95ECB83E2A6853CD00D45148 /* Card+CoreDataClass.swift in Sources */ = {isa = PBXBuildFile; fileRef = 95ECB8382A6853CD00D45148 /* Card+CoreDataClass.swift */; };
		95ECB83F2A6853CD00D45148 /* Card+CoreDataProperties.swift in Sources */ = {isa = PBXBuildFile; fileRef = 95ECB8392A6853CD00D45148 /* Card+CoreDataProperties.swift */; };
		95ECB8402A6853CD00D45148 /* Topic+CoreDataClass.swift in Sources */ = {isa = PBXBuildFile; fileRef = 95ECB83A2A6853CD00D45148 /* Topic+CoreDataClass.swift */; };
		95ECB8412A6853CD00D45148 /* Topic+CoreDataProperties.swift in Sources */ = {isa = PBXBuildFile; fileRef = 95ECB83B2A6853CD00D45148 /* Topic+CoreDataProperties.swift */; };
		95ECB8422A6853EF00D45148 /* SubTopics+CoreDataClass.swift in Sources */ = {isa = PBXBuildFile; fileRef = 95ECB8362A6853CD00D45148 /* SubTopics+CoreDataClass.swift */; };
		95ECB8432A6853EF00D45148 /* SubTopics+CoreDataProperties.swift in Sources */ = {isa = PBXBuildFile; fileRef = 95ECB8372A6853CD00D45148 /* SubTopics+CoreDataProperties.swift */; };
		95ECB8442A6853EF00D45148 /* Card+CoreDataClass.swift in Sources */ = {isa = PBXBuildFile; fileRef = 95ECB8382A6853CD00D45148 /* Card+CoreDataClass.swift */; };
		95ECB8452A6853EF00D45148 /* Card+CoreDataProperties.swift in Sources */ = {isa = PBXBuildFile; fileRef = 95ECB8392A6853CD00D45148 /* Card+CoreDataProperties.swift */; };
		95ECB8462A6853EF00D45148 /* Topic+CoreDataClass.swift in Sources */ = {isa = PBXBuildFile; fileRef = 95ECB83A2A6853CD00D45148 /* Topic+CoreDataClass.swift */; };
		95ECB8472A6853EF00D45148 /* Topic+CoreDataProperties.swift in Sources */ = {isa = PBXBuildFile; fileRef = 95ECB83B2A6853CD00D45148 /* Topic+CoreDataProperties.swift */; };
		95ECB84A2A685B4A00D45148 /* ReadByID+.swift in Sources */ = {isa = PBXBuildFile; fileRef = 95ECB8492A685B4A00D45148 /* ReadByID+.swift */; };
		95ECB84C2A685D7100D45148 /* ReadEntitys+.swift in Sources */ = {isa = PBXBuildFile; fileRef = 95ECB84B2A685D7100D45148 /* ReadEntitys+.swift */; };
		95ECB84D2A68691300D45148 /* Deck.xcdatamodeld in Sources */ = {isa = PBXBuildFile; fileRef = 95AAE9172A2C200D002CE9B8 /* Deck.xcdatamodeld */; };
		95ECB8502A686EF500D45148 /* DeleteByID.swift in Sources */ = {isa = PBXBuildFile; fileRef = 95ECB84F2A686EF500D45148 /* DeleteByID.swift */; };
		95F553C32A2DF79100F6ED47 /* FrameCardModify.swift in Sources */ = {isa = PBXBuildFile; fileRef = 95F553C22A2DF79100F6ED47 /* FrameCardModify.swift */; };
/* End PBXBuildFile section */

/* Begin PBXContainerItemProxy section */
		953E14D12A2A2413006F1BB1 /* PBXContainerItemProxy */ = {
			isa = PBXContainerItemProxy;
			containerPortal = 95C57E0F2A25293700D7565F /* Project object */;
			proxyType = 1;
			remoteGlobalIDString = 95C57E352A25311700D7565F;
			remoteInfo = Domain;
		};
		95BAC5FE2A2987D1008D06E8 /* PBXContainerItemProxy */ = {
			isa = PBXContainerItemProxy;
			containerPortal = 95C57E0F2A25293700D7565F /* Project object */;
			proxyType = 1;
			remoteGlobalIDString = 95BAC5F42A2987D1008D06E8;
			remoteInfo = Data;
		};
		95BAC62C2A298C62008D06E8 /* PBXContainerItemProxy */ = {
			isa = PBXContainerItemProxy;
			containerPortal = 95C57E0F2A25293700D7565F /* Project object */;
			proxyType = 1;
			remoteGlobalIDString = 95BAC5F42A2987D1008D06E8;
			remoteInfo = Data;
		};
		95C57E672A25396B00D7565F /* PBXContainerItemProxy */ = {
			isa = PBXContainerItemProxy;
			containerPortal = 95C57E0F2A25293700D7565F /* Project object */;
			proxyType = 1;
			remoteGlobalIDString = 95C57E5D2A25396B00D7565F;
			remoteInfo = UseCases;
		};
/* End PBXContainerItemProxy section */

/* Begin PBXCopyFilesBuildPhase section */
		95BAC62E2A298C62008D06E8 /* Embed Frameworks */ = {
			isa = PBXCopyFilesBuildPhase;
			buildActionMask = 2147483647;
			dstPath = "";
			dstSubfolderSpec = 10;
			files = (
				953E14D02A2A2413006F1BB1 /* Domain.framework in Embed Frameworks */,
				95BAC62B2A298C62008D06E8 /* Data.framework in Embed Frameworks */,
			);
			name = "Embed Frameworks";
			runOnlyForDeploymentPostprocessing = 0;
		};
/* End PBXCopyFilesBuildPhase section */

/* Begin PBXFileReference section */
		953E14DA2A2A8FD0006F1BB1 /* ListTopics.swift */ = {isa = PBXFileReference; lastKnownFileType = sourcecode.swift; path = ListTopics.swift; sourceTree = "<group>"; };
		953E14DC2A2A947D006F1BB1 /* FormTopic.swift */ = {isa = PBXFileReference; lastKnownFileType = sourcecode.swift; path = FormTopic.swift; sourceTree = "<group>"; };
		95AAE9182A2C200D002CE9B8 /* Deck.xcdatamodel */ = {isa = PBXFileReference; lastKnownFileType = wrapper.xcdatamodel; path = Deck.xcdatamodel; sourceTree = "<group>"; };
		95BAC5F52A2987D1008D06E8 /* Data.framework */ = {isa = PBXFileReference; explicitFileType = wrapper.framework; includeInIndex = 0; path = Data.framework; sourceTree = BUILT_PRODUCTS_DIR; };
		95BAC5FC2A2987D1008D06E8 /* DataTests.xctest */ = {isa = PBXFileReference; explicitFileType = wrapper.cfbundle; includeInIndex = 0; path = DataTests.xctest; sourceTree = BUILT_PRODUCTS_DIR; };
		95BAC6032A2987D1008D06E8 /* DataTests.swift */ = {isa = PBXFileReference; lastKnownFileType = sourcecode.swift; path = DataTests.swift; sourceTree = "<group>"; };
		95BAC6142A298A8E008D06E8 /* DataController.swift */ = {isa = PBXFileReference; lastKnownFileType = sourcecode.swift; path = DataController.swift; sourceTree = "<group>"; };
		95BAC61A2A298C10008D06E8 /* Presentation.app */ = {isa = PBXFileReference; explicitFileType = wrapper.application; includeInIndex = 0; path = Presentation.app; sourceTree = BUILT_PRODUCTS_DIR; };
		95BAC61C2A298C10008D06E8 /* PresentationApp.swift */ = {isa = PBXFileReference; lastKnownFileType = sourcecode.swift; path = PresentationApp.swift; sourceTree = "<group>"; };
		95BAC61E2A298C10008D06E8 /* TopicView.swift */ = {isa = PBXFileReference; lastKnownFileType = sourcecode.swift; path = TopicView.swift; sourceTree = "<group>"; };
		95BAC6202A298C11008D06E8 /* Assets.xcassets */ = {isa = PBXFileReference; lastKnownFileType = folder.assetcatalog; path = Assets.xcassets; sourceTree = "<group>"; };
		95BAC6222A298C11008D06E8 /* Presentation.entitlements */ = {isa = PBXFileReference; lastKnownFileType = text.plist.entitlements; path = Presentation.entitlements; sourceTree = "<group>"; };
		95BAC6242A298C11008D06E8 /* Preview Assets.xcassets */ = {isa = PBXFileReference; lastKnownFileType = folder.assetcatalog; path = "Preview Assets.xcassets"; sourceTree = "<group>"; };
		95C57E362A25311700D7565F /* Domain.framework */ = {isa = PBXFileReference; explicitFileType = wrapper.framework; includeInIndex = 0; path = Domain.framework; sourceTree = BUILT_PRODUCTS_DIR; };
		95C57E5E2A25396B00D7565F /* UseCases.framework */ = {isa = PBXFileReference; explicitFileType = wrapper.framework; includeInIndex = 0; path = UseCases.framework; sourceTree = BUILT_PRODUCTS_DIR; };
		95C57E652A25396B00D7565F /* UseCasesTests.xctest */ = {isa = PBXFileReference; explicitFileType = wrapper.cfbundle; includeInIndex = 0; path = UseCasesTests.xctest; sourceTree = BUILT_PRODUCTS_DIR; };
		95CF7CF02A2B9C3300C349C3 /* FormEditCard.swift */ = {isa = PBXFileReference; lastKnownFileType = sourcecode.swift; path = FormEditCard.swift; sourceTree = "<group>"; };
		95DEDD102A2CDAF6000C40BE /* ListCards.swift */ = {isa = PBXFileReference; lastKnownFileType = sourcecode.swift; path = ListCards.swift; sourceTree = "<group>"; };
		95DEDD122A2CDCA3000C40BE /* FormCreateCard.swift */ = {isa = PBXFileReference; lastKnownFileType = sourcecode.swift; path = FormCreateCard.swift; sourceTree = "<group>"; };
		95E3F3922A2AE4E70026C09B /* CardView.swift */ = {isa = PBXFileReference; lastKnownFileType = sourcecode.swift; path = CardView.swift; sourceTree = "<group>"; };
		95E3F39D2A2B87960026C09B /* ButtonModify.swift */ = {isa = PBXFileReference; lastKnownFileType = sourcecode.swift; path = ButtonModify.swift; sourceTree = "<group>"; };
		95ECB81F2A683AAB00D45148 /* Create+.swift */ = {isa = PBXFileReference; lastKnownFileType = sourcecode.swift; path = "Create+.swift"; sourceTree = "<group>"; };
		95ECB8362A6853CD00D45148 /* SubTopics+CoreDataClass.swift */ = {isa = PBXFileReference; lastKnownFileType = sourcecode.swift; path = "SubTopics+CoreDataClass.swift"; sourceTree = "<group>"; };
		95ECB8372A6853CD00D45148 /* SubTopics+CoreDataProperties.swift */ = {isa = PBXFileReference; lastKnownFileType = sourcecode.swift; path = "SubTopics+CoreDataProperties.swift"; sourceTree = "<group>"; };
		95ECB8382A6853CD00D45148 /* Card+CoreDataClass.swift */ = {isa = PBXFileReference; lastKnownFileType = sourcecode.swift; path = "Card+CoreDataClass.swift"; sourceTree = "<group>"; };
		95ECB8392A6853CD00D45148 /* Card+CoreDataProperties.swift */ = {isa = PBXFileReference; lastKnownFileType = sourcecode.swift; path = "Card+CoreDataProperties.swift"; sourceTree = "<group>"; };
		95ECB83A2A6853CD00D45148 /* Topic+CoreDataClass.swift */ = {isa = PBXFileReference; lastKnownFileType = sourcecode.swift; path = "Topic+CoreDataClass.swift"; sourceTree = "<group>"; };
		95ECB83B2A6853CD00D45148 /* Topic+CoreDataProperties.swift */ = {isa = PBXFileReference; lastKnownFileType = sourcecode.swift; path = "Topic+CoreDataProperties.swift"; sourceTree = "<group>"; };
		95ECB8492A685B4A00D45148 /* ReadByID+.swift */ = {isa = PBXFileReference; lastKnownFileType = sourcecode.swift; path = "ReadByID+.swift"; sourceTree = "<group>"; };
		95ECB84B2A685D7100D45148 /* ReadEntitys+.swift */ = {isa = PBXFileReference; lastKnownFileType = sourcecode.swift; path = "ReadEntitys+.swift"; sourceTree = "<group>"; };
		95ECB84F2A686EF500D45148 /* DeleteByID.swift */ = {isa = PBXFileReference; lastKnownFileType = sourcecode.swift; path = DeleteByID.swift; sourceTree = "<group>"; };
		95F553C22A2DF79100F6ED47 /* FrameCardModify.swift */ = {isa = PBXFileReference; lastKnownFileType = sourcecode.swift; path = FrameCardModify.swift; sourceTree = "<group>"; };
/* End PBXFileReference section */

/* Begin PBXFrameworksBuildPhase section */
		95BAC5F22A2987D1008D06E8 /* Frameworks */ = {
			isa = PBXFrameworksBuildPhase;
			buildActionMask = 2147483647;
			files = (
			);
			runOnlyForDeploymentPostprocessing = 0;
		};
		95BAC5F92A2987D1008D06E8 /* Frameworks */ = {
			isa = PBXFrameworksBuildPhase;
			buildActionMask = 2147483647;
			files = (
				95BAC5FD2A2987D1008D06E8 /* Data.framework in Frameworks */,
			);
			runOnlyForDeploymentPostprocessing = 0;
		};
		95BAC6172A298C10008D06E8 /* Frameworks */ = {
			isa = PBXFrameworksBuildPhase;
			buildActionMask = 2147483647;
			files = (
				953E14CF2A2A2413006F1BB1 /* Domain.framework in Frameworks */,
				95BAC62A2A298C62008D06E8 /* Data.framework in Frameworks */,
			);
			runOnlyForDeploymentPostprocessing = 0;
		};
		95C57E332A25311700D7565F /* Frameworks */ = {
			isa = PBXFrameworksBuildPhase;
			buildActionMask = 2147483647;
			files = (
			);
			runOnlyForDeploymentPostprocessing = 0;
		};
		95C57E5B2A25396B00D7565F /* Frameworks */ = {
			isa = PBXFrameworksBuildPhase;
			buildActionMask = 2147483647;
			files = (
			);
			runOnlyForDeploymentPostprocessing = 0;
		};
		95C57E622A25396B00D7565F /* Frameworks */ = {
			isa = PBXFrameworksBuildPhase;
			buildActionMask = 2147483647;
			files = (
				95C57E662A25396B00D7565F /* UseCases.framework in Frameworks */,
			);
			runOnlyForDeploymentPostprocessing = 0;
		};
/* End PBXFrameworksBuildPhase section */

/* Begin PBXGroup section */
		953E14D72A2A8F6E006F1BB1 /* Topics */ = {
			isa = PBXGroup;
			children = (
				953E14DA2A2A8FD0006F1BB1 /* ListTopics.swift */,
				95BAC61E2A298C10008D06E8 /* TopicView.swift */,
				953E14DC2A2A947D006F1BB1 /* FormTopic.swift */,
			);
			path = Topics;
			sourceTree = "<group>";
		};
		953E14D82A2A8F78006F1BB1 /* Cards */ = {
			isa = PBXGroup;
			children = (
				95E3F39B2A2B877A0026C09B /* Modifys */,
				95E3F3922A2AE4E70026C09B /* CardView.swift */,
				95CF7CF02A2B9C3300C349C3 /* FormEditCard.swift */,
				95DEDD122A2CDCA3000C40BE /* FormCreateCard.swift */,
				95DEDD102A2CDAF6000C40BE /* ListCards.swift */,
			);
			path = Cards;
			sourceTree = "<group>";
		};
		95BAC5F62A2987D1008D06E8 /* Data */ = {
			isa = PBXGroup;
			children = (
				95ECB81D2A6824E600D45148 /* Entitys */,
				95ECB81C2A6824E000D45148 /* Crud */,
				95AAE9172A2C200D002CE9B8 /* Deck.xcdatamodeld */,
				95BAC6142A298A8E008D06E8 /* DataController.swift */,
			);
			path = Data;
			sourceTree = "<group>";
		};
		95BAC6022A2987D1008D06E8 /* DataTests */ = {
			isa = PBXGroup;
			children = (
				95BAC6032A2987D1008D06E8 /* DataTests.swift */,
			);
			path = DataTests;
			sourceTree = "<group>";
		};
		95BAC61B2A298C10008D06E8 /* Presentation */ = {
			isa = PBXGroup;
			children = (
				953E14D82A2A8F78006F1BB1 /* Cards */,
				953E14D72A2A8F6E006F1BB1 /* Topics */,
				95BAC61C2A298C10008D06E8 /* PresentationApp.swift */,
				95BAC6202A298C11008D06E8 /* Assets.xcassets */,
				95BAC6222A298C11008D06E8 /* Presentation.entitlements */,
				95BAC6232A298C11008D06E8 /* Preview Content */,
			);
			path = Presentation;
			sourceTree = "<group>";
		};
		95BAC6232A298C11008D06E8 /* Preview Content */ = {
			isa = PBXGroup;
			children = (
				95BAC6242A298C11008D06E8 /* Preview Assets.xcassets */,
			);
			path = "Preview Content";
			sourceTree = "<group>";
		};
		95BAC6292A298C62008D06E8 /* Frameworks */ = {
			isa = PBXGroup;
			children = (
			);
			name = Frameworks;
			sourceTree = "<group>";
		};
		95C57E0E2A25293700D7565F = {
			isa = PBXGroup;
			children = (
				95BAC5F62A2987D1008D06E8 /* Data */,
				95BAC6022A2987D1008D06E8 /* DataTests */,
				95BAC61B2A298C10008D06E8 /* Presentation */,
				95C57E182A25293700D7565F /* Products */,
				95BAC6292A298C62008D06E8 /* Frameworks */,
			);
			sourceTree = "<group>";
		};
		95C57E182A25293700D7565F /* Products */ = {
			isa = PBXGroup;
			children = (
				95C57E362A25311700D7565F /* Domain.framework */,
				95C57E5E2A25396B00D7565F /* UseCases.framework */,
				95C57E652A25396B00D7565F /* UseCasesTests.xctest */,
				95BAC5F52A2987D1008D06E8 /* Data.framework */,
				95BAC5FC2A2987D1008D06E8 /* DataTests.xctest */,
				95BAC61A2A298C10008D06E8 /* Presentation.app */,
			);
			name = Products;
			sourceTree = "<group>";
		};
		95E3F39B2A2B877A0026C09B /* Modifys */ = {
			isa = PBXGroup;
			children = (
				95E3F39D2A2B87960026C09B /* ButtonModify.swift */,
				95F553C22A2DF79100F6ED47 /* FrameCardModify.swift */,
			);
			path = Modifys;
			sourceTree = "<group>";
		};
		95ECB81C2A6824E000D45148 /* Crud */ = {
			isa = PBXGroup;
			children = (
				95ECB84E2A686EE800D45148 /* Delete */,
				95ECB8482A685B3D00D45148 /* Read */,
				95ECB81E2A683A9C00D45148 /* Create */,
			);
			path = Crud;
			sourceTree = "<group>";
		};
		95ECB81D2A6824E600D45148 /* Entitys */ = {
			isa = PBXGroup;
			children = (
				95ECB8362A6853CD00D45148 /* SubTopics+CoreDataClass.swift */,
				95ECB8372A6853CD00D45148 /* SubTopics+CoreDataProperties.swift */,
				95ECB8382A6853CD00D45148 /* Card+CoreDataClass.swift */,
				95ECB8392A6853CD00D45148 /* Card+CoreDataProperties.swift */,
				95ECB83A2A6853CD00D45148 /* Topic+CoreDataClass.swift */,
				95ECB83B2A6853CD00D45148 /* Topic+CoreDataProperties.swift */,
			);
			path = Entitys;
			sourceTree = "<group>";
		};
		95ECB81E2A683A9C00D45148 /* Create */ = {
			isa = PBXGroup;
			children = (
				95ECB81F2A683AAB00D45148 /* Create+.swift */,
			);
			path = Create;
			sourceTree = "<group>";
		};
		95ECB8482A685B3D00D45148 /* Read */ = {
			isa = PBXGroup;
			children = (
				95ECB8492A685B4A00D45148 /* ReadByID+.swift */,
				95ECB84B2A685D7100D45148 /* ReadEntitys+.swift */,
			);
			path = Read;
			sourceTree = "<group>";
		};
		95ECB84E2A686EE800D45148 /* Delete */ = {
			isa = PBXGroup;
			children = (
				95ECB84F2A686EF500D45148 /* DeleteByID.swift */,
			);
			path = Delete;
			sourceTree = "<group>";
		};
/* End PBXGroup section */

/* Begin PBXHeadersBuildPhase section */
		95BAC5F02A2987D1008D06E8 /* Headers */ = {
			isa = PBXHeadersBuildPhase;
			buildActionMask = 2147483647;
			files = (
			);
			runOnlyForDeploymentPostprocessing = 0;
		};
		95C57E312A25311700D7565F /* Headers */ = {
			isa = PBXHeadersBuildPhase;
			buildActionMask = 2147483647;
			files = (
			);
			runOnlyForDeploymentPostprocessing = 0;
		};
		95C57E592A25396B00D7565F /* Headers */ = {
			isa = PBXHeadersBuildPhase;
			buildActionMask = 2147483647;
			files = (
			);
			runOnlyForDeploymentPostprocessing = 0;
		};
/* End PBXHeadersBuildPhase section */

/* Begin PBXNativeTarget section */
		95BAC5F42A2987D1008D06E8 /* Data */ = {
			isa = PBXNativeTarget;
			buildConfigurationList = 95BAC60A2A2987D1008D06E8 /* Build configuration list for PBXNativeTarget "Data" */;
			buildPhases = (
				95BAC5F02A2987D1008D06E8 /* Headers */,
				95BAC5F12A2987D1008D06E8 /* Sources */,
				95BAC5F22A2987D1008D06E8 /* Frameworks */,
				95BAC5F32A2987D1008D06E8 /* Resources */,
			);
			buildRules = (
			);
			dependencies = (
			);
			name = Data;
			productName = Data;
			productReference = 95BAC5F52A2987D1008D06E8 /* Data.framework */;
			productType = "com.apple.product-type.framework";
		};
		95BAC5FB2A2987D1008D06E8 /* DataTests */ = {
			isa = PBXNativeTarget;
			buildConfigurationList = 95BAC60D2A2987D1008D06E8 /* Build configuration list for PBXNativeTarget "DataTests" */;
			buildPhases = (
				95BAC5F82A2987D1008D06E8 /* Sources */,
				95BAC5F92A2987D1008D06E8 /* Frameworks */,
				95BAC5FA2A2987D1008D06E8 /* Resources */,
			);
			buildRules = (
			);
			dependencies = (
				95BAC5FF2A2987D1008D06E8 /* PBXTargetDependency */,
			);
			name = DataTests;
			productName = DataTests;
			productReference = 95BAC5FC2A2987D1008D06E8 /* DataTests.xctest */;
			productType = "com.apple.product-type.bundle.unit-test";
		};
		95BAC6192A298C10008D06E8 /* Presentation */ = {
			isa = PBXNativeTarget;
			buildConfigurationList = 95BAC6262A298C11008D06E8 /* Build configuration list for PBXNativeTarget "Presentation" */;
			buildPhases = (
				95BAC6162A298C10008D06E8 /* Sources */,
				95BAC6172A298C10008D06E8 /* Frameworks */,
				95BAC6182A298C10008D06E8 /* Resources */,
				95BAC62E2A298C62008D06E8 /* Embed Frameworks */,
			);
			buildRules = (
			);
			dependencies = (
				95BAC62D2A298C62008D06E8 /* PBXTargetDependency */,
				953E14D22A2A2413006F1BB1 /* PBXTargetDependency */,
			);
			name = Presentation;
			productName = Presentation;
			productReference = 95BAC61A2A298C10008D06E8 /* Presentation.app */;
			productType = "com.apple.product-type.application";
		};
		95C57E352A25311700D7565F /* Domain */ = {
			isa = PBXNativeTarget;
			buildConfigurationList = 95C57E4D2A25311700D7565F /* Build configuration list for PBXNativeTarget "Domain" */;
			buildPhases = (
				95C57E312A25311700D7565F /* Headers */,
				95C57E322A25311700D7565F /* Sources */,
				95C57E332A25311700D7565F /* Frameworks */,
				95C57E342A25311700D7565F /* Resources */,
			);
			buildRules = (
			);
			dependencies = (
			);
			name = Domain;
			productName = Domain;
			productReference = 95C57E362A25311700D7565F /* Domain.framework */;
			productType = "com.apple.product-type.framework";
		};
		95C57E5D2A25396B00D7565F /* UseCases */ = {
			isa = PBXNativeTarget;
			buildConfigurationList = 95C57E732A25396C00D7565F /* Build configuration list for PBXNativeTarget "UseCases" */;
			buildPhases = (
				95C57E592A25396B00D7565F /* Headers */,
				95C57E5A2A25396B00D7565F /* Sources */,
				95C57E5B2A25396B00D7565F /* Frameworks */,
				95C57E5C2A25396B00D7565F /* Resources */,
			);
			buildRules = (
			);
			dependencies = (
			);
			name = UseCases;
			productName = UseCases;
			productReference = 95C57E5E2A25396B00D7565F /* UseCases.framework */;
			productType = "com.apple.product-type.framework";
		};
		95C57E642A25396B00D7565F /* UseCasesTests */ = {
			isa = PBXNativeTarget;
			buildConfigurationList = 95C57E762A25396C00D7565F /* Build configuration list for PBXNativeTarget "UseCasesTests" */;
			buildPhases = (
				95C57E612A25396B00D7565F /* Sources */,
				95C57E622A25396B00D7565F /* Frameworks */,
				95C57E632A25396B00D7565F /* Resources */,
			);
			buildRules = (
			);
			dependencies = (
				95C57E682A25396B00D7565F /* PBXTargetDependency */,
			);
			name = UseCasesTests;
			productName = UseCasesTests;
			productReference = 95C57E652A25396B00D7565F /* UseCasesTests.xctest */;
			productType = "com.apple.product-type.bundle.unit-test";
		};
/* End PBXNativeTarget section */

/* Begin PBXProject section */
		95C57E0F2A25293700D7565F /* Project object */ = {
			isa = PBXProject;
			attributes = {
				BuildIndependentTargetsInParallel = 1;
				LastSwiftUpdateCheck = 1430;
				LastUpgradeCheck = 1430;
				TargetAttributes = {
					95BAC5F42A2987D1008D06E8 = {
						CreatedOnToolsVersion = 14.3;
						LastSwiftMigration = 1430;
					};
					95BAC5FB2A2987D1008D06E8 = {
						CreatedOnToolsVersion = 14.3;
						TestTargetID = 95C57E162A25293700D7565F;
					};
					95BAC6192A298C10008D06E8 = {
						CreatedOnToolsVersion = 14.3;
					};
					95C57E352A25311700D7565F = {
						CreatedOnToolsVersion = 14.3;
						LastSwiftMigration = 1430;
					};
					95C57E5D2A25396B00D7565F = {
						CreatedOnToolsVersion = 14.3;
					};
					95C57E642A25396B00D7565F = {
						CreatedOnToolsVersion = 14.3;
						TestTargetID = 95C57E162A25293700D7565F;
					};
				};
			};
			buildConfigurationList = 95C57E122A25293700D7565F /* Build configuration list for PBXProject "FlashCard" */;
			compatibilityVersion = "Xcode 14.0";
			developmentRegion = en;
			hasScannedForEncodings = 0;
			knownRegions = (
				en,
				Base,
			);
			mainGroup = 95C57E0E2A25293700D7565F;
			packageReferences = (
			);
			productRefGroup = 95C57E182A25293700D7565F /* Products */;
			projectDirPath = "";
			projectRoot = "";
			targets = (
				95C57E352A25311700D7565F /* Domain */,
				95C57E5D2A25396B00D7565F /* UseCases */,
				95C57E642A25396B00D7565F /* UseCasesTests */,
				95BAC5F42A2987D1008D06E8 /* Data */,
				95BAC5FB2A2987D1008D06E8 /* DataTests */,
				95BAC6192A298C10008D06E8 /* Presentation */,
			);
		};
/* End PBXProject section */

/* Begin PBXResourcesBuildPhase section */
		95BAC5F32A2987D1008D06E8 /* Resources */ = {
			isa = PBXResourcesBuildPhase;
			buildActionMask = 2147483647;
			files = (
			);
			runOnlyForDeploymentPostprocessing = 0;
		};
		95BAC5FA2A2987D1008D06E8 /* Resources */ = {
			isa = PBXResourcesBuildPhase;
			buildActionMask = 2147483647;
			files = (
			);
			runOnlyForDeploymentPostprocessing = 0;
		};
		95BAC6182A298C10008D06E8 /* Resources */ = {
			isa = PBXResourcesBuildPhase;
			buildActionMask = 2147483647;
			files = (
				95BAC6252A298C11008D06E8 /* Preview Assets.xcassets in Resources */,
				95BAC6212A298C11008D06E8 /* Assets.xcassets in Resources */,
			);
			runOnlyForDeploymentPostprocessing = 0;
		};
		95C57E342A25311700D7565F /* Resources */ = {
			isa = PBXResourcesBuildPhase;
			buildActionMask = 2147483647;
			files = (
			);
			runOnlyForDeploymentPostprocessing = 0;
		};
		95C57E5C2A25396B00D7565F /* Resources */ = {
			isa = PBXResourcesBuildPhase;
			buildActionMask = 2147483647;
			files = (
			);
			runOnlyForDeploymentPostprocessing = 0;
		};
		95C57E632A25396B00D7565F /* Resources */ = {
			isa = PBXResourcesBuildPhase;
			buildActionMask = 2147483647;
			files = (
			);
			runOnlyForDeploymentPostprocessing = 0;
		};
/* End PBXResourcesBuildPhase section */

/* Begin PBXSourcesBuildPhase section */
		95BAC5F12A2987D1008D06E8 /* Sources */ = {
			isa = PBXSourcesBuildPhase;
			buildActionMask = 2147483647;
			files = (
				95ECB8422A6853EF00D45148 /* SubTopics+CoreDataClass.swift in Sources */,
				95ECB8432A6853EF00D45148 /* SubTopics+CoreDataProperties.swift in Sources */,
				95ECB8502A686EF500D45148 /* DeleteByID.swift in Sources */,
				95ECB8442A6853EF00D45148 /* Card+CoreDataClass.swift in Sources */,
				95ECB84C2A685D7100D45148 /* ReadEntitys+.swift in Sources */,
				95ECB8452A6853EF00D45148 /* Card+CoreDataProperties.swift in Sources */,
				95ECB8462A6853EF00D45148 /* Topic+CoreDataClass.swift in Sources */,
				95ECB8472A6853EF00D45148 /* Topic+CoreDataProperties.swift in Sources */,
				95ECB84A2A685B4A00D45148 /* ReadByID+.swift in Sources */,
				95ECB8332A683DCB00D45148 /* Create+.swift in Sources */,
				95ECB8342A683DCB00D45148 /* Deck.xcdatamodeld in Sources */,
				95ECB8352A683DCB00D45148 /* DataController.swift in Sources */,
			);
			runOnlyForDeploymentPostprocessing = 0;
		};
		95BAC5F82A2987D1008D06E8 /* Sources */ = {
			isa = PBXSourcesBuildPhase;
			buildActionMask = 2147483647;
			files = (
				95BAC6042A2987D1008D06E8 /* DataTests.swift in Sources */,
			);
			runOnlyForDeploymentPostprocessing = 0;
		};
		95BAC6162A298C10008D06E8 /* Sources */ = {
			isa = PBXSourcesBuildPhase;
			buildActionMask = 2147483647;
			files = (
				95ECB84D2A68691300D45148 /* Deck.xcdatamodeld in Sources */,
				95DEDD112A2CDAF6000C40BE /* ListCards.swift in Sources */,
				953E14DB2A2A8FD0006F1BB1 /* ListTopics.swift in Sources */,
				95DEDD132A2CDCA3000C40BE /* FormCreateCard.swift in Sources */,
				953E14DD2A2A947D006F1BB1 /* FormTopic.swift in Sources */,
				95E3F39E2A2B87960026C09B /* ButtonModify.swift in Sources */,
				95BAC61F2A298C10008D06E8 /* TopicView.swift in Sources */,
				95E3F3932A2AE4E70026C09B /* CardView.swift in Sources */,
				95CF7CF12A2B9C3300C349C3 /* FormEditCard.swift in Sources */,
				95F553C32A2DF79100F6ED47 /* FrameCardModify.swift in Sources */,
				95BAC61D2A298C10008D06E8 /* PresentationApp.swift in Sources */,
			);
			runOnlyForDeploymentPostprocessing = 0;
		};
		95C57E322A25311700D7565F /* Sources */ = {
			isa = PBXSourcesBuildPhase;
			buildActionMask = 2147483647;
			files = (
				95ECB83E2A6853CD00D45148 /* Card+CoreDataClass.swift in Sources */,
				95ECB83F2A6853CD00D45148 /* Card+CoreDataProperties.swift in Sources */,
				95ECB83D2A6853CD00D45148 /* SubTopics+CoreDataProperties.swift in Sources */,
				95ECB8412A6853CD00D45148 /* Topic+CoreDataProperties.swift in Sources */,
				95ECB83C2A6853CD00D45148 /* SubTopics+CoreDataClass.swift in Sources */,
				95ECB8402A6853CD00D45148 /* Topic+CoreDataClass.swift in Sources */,
			);
			runOnlyForDeploymentPostprocessing = 0;
		};
		95C57E5A2A25396B00D7565F /* Sources */ = {
			isa = PBXSourcesBuildPhase;
			buildActionMask = 2147483647;
			files = (
			);
			runOnlyForDeploymentPostprocessing = 0;
		};
		95C57E612A25396B00D7565F /* Sources */ = {
			isa = PBXSourcesBuildPhase;
			buildActionMask = 2147483647;
			files = (
			);
			runOnlyForDeploymentPostprocessing = 0;
		};
/* End PBXSourcesBuildPhase section */

/* Begin PBXTargetDependency section */
		953E14D22A2A2413006F1BB1 /* PBXTargetDependency */ = {
			isa = PBXTargetDependency;
			target = 95C57E352A25311700D7565F /* Domain */;
			targetProxy = 953E14D12A2A2413006F1BB1 /* PBXContainerItemProxy */;
		};
		95BAC5FF2A2987D1008D06E8 /* PBXTargetDependency */ = {
			isa = PBXTargetDependency;
			target = 95BAC5F42A2987D1008D06E8 /* Data */;
			targetProxy = 95BAC5FE2A2987D1008D06E8 /* PBXContainerItemProxy */;
		};
		95BAC62D2A298C62008D06E8 /* PBXTargetDependency */ = {
			isa = PBXTargetDependency;
			target = 95BAC5F42A2987D1008D06E8 /* Data */;
			targetProxy = 95BAC62C2A298C62008D06E8 /* PBXContainerItemProxy */;
		};
		95C57E682A25396B00D7565F /* PBXTargetDependency */ = {
			isa = PBXTargetDependency;
			target = 95C57E5D2A25396B00D7565F /* UseCases */;
			targetProxy = 95C57E672A25396B00D7565F /* PBXContainerItemProxy */;
		};
/* End PBXTargetDependency section */

/* Begin XCBuildConfiguration section */
		95BAC60B2A2987D1008D06E8 /* Debug */ = {
			isa = XCBuildConfiguration;
			buildSettings = {
				CLANG_ENABLE_MODULES = YES;
				CODE_SIGN_STYLE = Automatic;
				CURRENT_PROJECT_VERSION = 1;
				DEFINES_MODULE = YES;
				DEVELOPMENT_TEAM = 35GM6XG62S;
				DYLIB_COMPATIBILITY_VERSION = 1;
				DYLIB_CURRENT_VERSION = 1;
				DYLIB_INSTALL_NAME_BASE = "@rpath";
				ENABLE_MODULE_VERIFIER = YES;
				GENERATE_INFOPLIST_FILE = YES;
				INFOPLIST_KEY_NSHumanReadableCopyright = "";
				INSTALL_PATH = "$(LOCAL_LIBRARY_DIR)/Frameworks";
				IPHONEOS_DEPLOYMENT_TARGET = 16.0;
				LD_RUNPATH_SEARCH_PATHS = (
					"@executable_path/Frameworks",
					"@loader_path/Frameworks",
				);
				"LD_RUNPATH_SEARCH_PATHS[sdk=macosx*]" = (
					"@executable_path/../Frameworks",
					"@loader_path/Frameworks",
				);
				MACOSX_DEPLOYMENT_TARGET = 13.0;
				MARKETING_VERSION = 1.0;
				MODULE_VERIFIER_SUPPORTED_LANGUAGES = "objective-c objective-c++";
				MODULE_VERIFIER_SUPPORTED_LANGUAGE_STANDARDS = "gnu11 gnu++20";
				PRODUCT_BUNDLE_IDENTIFIER = Academy.Data;
				PRODUCT_NAME = "$(TARGET_NAME:c99extidentifier)";
				SDKROOT = auto;
				SKIP_INSTALL = YES;
				SUPPORTED_PLATFORMS = "iphoneos iphonesimulator macosx";
				SWIFT_EMIT_LOC_STRINGS = YES;
				SWIFT_OPTIMIZATION_LEVEL = "-Onone";
				SWIFT_VERSION = 5.0;
				TARGETED_DEVICE_FAMILY = "1,2";
				VERSIONING_SYSTEM = "apple-generic";
				VERSION_INFO_PREFIX = "";
			};
			name = Debug;
		};
		95BAC60C2A2987D1008D06E8 /* Release */ = {
			isa = XCBuildConfiguration;
			buildSettings = {
				CLANG_ENABLE_MODULES = YES;
				CODE_SIGN_STYLE = Automatic;
				CURRENT_PROJECT_VERSION = 1;
				DEFINES_MODULE = YES;
				DEVELOPMENT_TEAM = 35GM6XG62S;
				DYLIB_COMPATIBILITY_VERSION = 1;
				DYLIB_CURRENT_VERSION = 1;
				DYLIB_INSTALL_NAME_BASE = "@rpath";
				ENABLE_MODULE_VERIFIER = YES;
				GENERATE_INFOPLIST_FILE = YES;
				INFOPLIST_KEY_NSHumanReadableCopyright = "";
				INSTALL_PATH = "$(LOCAL_LIBRARY_DIR)/Frameworks";
				IPHONEOS_DEPLOYMENT_TARGET = 16.0;
				LD_RUNPATH_SEARCH_PATHS = (
					"@executable_path/Frameworks",
					"@loader_path/Frameworks",
				);
				"LD_RUNPATH_SEARCH_PATHS[sdk=macosx*]" = (
					"@executable_path/../Frameworks",
					"@loader_path/Frameworks",
				);
				MACOSX_DEPLOYMENT_TARGET = 13.0;
				MARKETING_VERSION = 1.0;
				MODULE_VERIFIER_SUPPORTED_LANGUAGES = "objective-c objective-c++";
				MODULE_VERIFIER_SUPPORTED_LANGUAGE_STANDARDS = "gnu11 gnu++20";
				PRODUCT_BUNDLE_IDENTIFIER = Academy.Data;
				PRODUCT_NAME = "$(TARGET_NAME:c99extidentifier)";
				SDKROOT = auto;
				SKIP_INSTALL = YES;
				SUPPORTED_PLATFORMS = "iphoneos iphonesimulator macosx";
				SWIFT_EMIT_LOC_STRINGS = YES;
				SWIFT_VERSION = 5.0;
				TARGETED_DEVICE_FAMILY = "1,2";
				VERSIONING_SYSTEM = "apple-generic";
				VERSION_INFO_PREFIX = "";
			};
			name = Release;
		};
		95BAC60E2A2987D1008D06E8 /* Debug */ = {
			isa = XCBuildConfiguration;
			buildSettings = {
				ALWAYS_EMBED_SWIFT_STANDARD_LIBRARIES = YES;
				CODE_SIGN_STYLE = Automatic;
				CURRENT_PROJECT_VERSION = 1;
				DEVELOPMENT_TEAM = 35GM6XG62S;
				GENERATE_INFOPLIST_FILE = YES;
				IPHONEOS_DEPLOYMENT_TARGET = 16.4;
				MACOSX_DEPLOYMENT_TARGET = 13.3;
				MARKETING_VERSION = 1.0;
				PRODUCT_BUNDLE_IDENTIFIER = Academy.DataTests;
				PRODUCT_NAME = "$(TARGET_NAME)";
				SDKROOT = auto;
				SUPPORTED_PLATFORMS = "iphoneos iphonesimulator macosx";
				SWIFT_EMIT_LOC_STRINGS = NO;
				SWIFT_VERSION = 5.0;
				TARGETED_DEVICE_FAMILY = "1,2";
				TEST_HOST = "$(BUILT_PRODUCTS_DIR)/FlashCard.app/$(BUNDLE_EXECUTABLE_FOLDER_PATH)/FlashCard";
			};
			name = Debug;
		};
		95BAC60F2A2987D1008D06E8 /* Release */ = {
			isa = XCBuildConfiguration;
			buildSettings = {
				ALWAYS_EMBED_SWIFT_STANDARD_LIBRARIES = YES;
				CODE_SIGN_STYLE = Automatic;
				CURRENT_PROJECT_VERSION = 1;
				DEVELOPMENT_TEAM = 35GM6XG62S;
				GENERATE_INFOPLIST_FILE = YES;
				IPHONEOS_DEPLOYMENT_TARGET = 16.4;
				MACOSX_DEPLOYMENT_TARGET = 13.3;
				MARKETING_VERSION = 1.0;
				PRODUCT_BUNDLE_IDENTIFIER = Academy.DataTests;
				PRODUCT_NAME = "$(TARGET_NAME)";
				SDKROOT = auto;
				SUPPORTED_PLATFORMS = "iphoneos iphonesimulator macosx";
				SWIFT_EMIT_LOC_STRINGS = NO;
				SWIFT_VERSION = 5.0;
				TARGETED_DEVICE_FAMILY = "1,2";
				TEST_HOST = "$(BUILT_PRODUCTS_DIR)/FlashCard.app/$(BUNDLE_EXECUTABLE_FOLDER_PATH)/FlashCard";
			};
			name = Release;
		};
		95BAC6272A298C11008D06E8 /* Debug */ = {
			isa = XCBuildConfiguration;
			buildSettings = {
				ALWAYS_EMBED_SWIFT_STANDARD_LIBRARIES = YES;
				ASSETCATALOG_COMPILER_APPICON_NAME = AppIcon;
				ASSETCATALOG_COMPILER_GLOBAL_ACCENT_COLOR_NAME = AccentColor;
				CODE_SIGN_ENTITLEMENTS = Presentation/Presentation.entitlements;
				CODE_SIGN_STYLE = Automatic;
				CURRENT_PROJECT_VERSION = 1;
				DEVELOPMENT_ASSET_PATHS = "\"Presentation/Preview Content\"";
				DEVELOPMENT_TEAM = 35GM6XG62S;
				ENABLE_HARDENED_RUNTIME = YES;
				ENABLE_PREVIEWS = YES;
				GENERATE_INFOPLIST_FILE = YES;
				"INFOPLIST_KEY_UIApplicationSceneManifest_Generation[sdk=iphoneos*]" = YES;
				"INFOPLIST_KEY_UIApplicationSceneManifest_Generation[sdk=iphonesimulator*]" = YES;
				"INFOPLIST_KEY_UIApplicationSupportsIndirectInputEvents[sdk=iphoneos*]" = YES;
				"INFOPLIST_KEY_UIApplicationSupportsIndirectInputEvents[sdk=iphonesimulator*]" = YES;
				"INFOPLIST_KEY_UILaunchScreen_Generation[sdk=iphoneos*]" = YES;
				"INFOPLIST_KEY_UILaunchScreen_Generation[sdk=iphonesimulator*]" = YES;
				"INFOPLIST_KEY_UIStatusBarStyle[sdk=iphoneos*]" = UIStatusBarStyleDefault;
				"INFOPLIST_KEY_UIStatusBarStyle[sdk=iphonesimulator*]" = UIStatusBarStyleDefault;
				INFOPLIST_KEY_UISupportedInterfaceOrientations_iPad = "UIInterfaceOrientationPortrait UIInterfaceOrientationPortraitUpsideDown UIInterfaceOrientationLandscapeLeft UIInterfaceOrientationLandscapeRight";
				INFOPLIST_KEY_UISupportedInterfaceOrientations_iPhone = "UIInterfaceOrientationPortrait UIInterfaceOrientationLandscapeLeft UIInterfaceOrientationLandscapeRight";
				IPHONEOS_DEPLOYMENT_TARGET = 16.0;
				LD_RUNPATH_SEARCH_PATHS = "@executable_path/Frameworks";
				"LD_RUNPATH_SEARCH_PATHS[sdk=macosx*]" = "@executable_path/../Frameworks";
				MACOSX_DEPLOYMENT_TARGET = 13.0;
				MARKETING_VERSION = 1.0;
				PRODUCT_BUNDLE_IDENTIFIER = Academy.Presentation;
				PRODUCT_NAME = "$(TARGET_NAME)";
				SDKROOT = auto;
				SUPPORTED_PLATFORMS = "iphoneos iphonesimulator macosx";
				SUPPORTS_MACCATALYST = YES;
				SUPPORTS_MAC_DESIGNED_FOR_IPHONE_IPAD = NO;
				SWIFT_EMIT_LOC_STRINGS = YES;
				SWIFT_VERSION = 5.0;
				TARGETED_DEVICE_FAMILY = "1,2";
			};
			name = Debug;
		};
		95BAC6282A298C11008D06E8 /* Release */ = {
			isa = XCBuildConfiguration;
			buildSettings = {
				ALWAYS_EMBED_SWIFT_STANDARD_LIBRARIES = YES;
				ASSETCATALOG_COMPILER_APPICON_NAME = AppIcon;
				ASSETCATALOG_COMPILER_GLOBAL_ACCENT_COLOR_NAME = AccentColor;
				CODE_SIGN_ENTITLEMENTS = Presentation/Presentation.entitlements;
				CODE_SIGN_STYLE = Automatic;
				CURRENT_PROJECT_VERSION = 1;
				DEVELOPMENT_ASSET_PATHS = "\"Presentation/Preview Content\"";
				DEVELOPMENT_TEAM = 35GM6XG62S;
				ENABLE_HARDENED_RUNTIME = YES;
				ENABLE_PREVIEWS = YES;
				GENERATE_INFOPLIST_FILE = YES;
				"INFOPLIST_KEY_UIApplicationSceneManifest_Generation[sdk=iphoneos*]" = YES;
				"INFOPLIST_KEY_UIApplicationSceneManifest_Generation[sdk=iphonesimulator*]" = YES;
				"INFOPLIST_KEY_UIApplicationSupportsIndirectInputEvents[sdk=iphoneos*]" = YES;
				"INFOPLIST_KEY_UIApplicationSupportsIndirectInputEvents[sdk=iphonesimulator*]" = YES;
				"INFOPLIST_KEY_UILaunchScreen_Generation[sdk=iphoneos*]" = YES;
				"INFOPLIST_KEY_UILaunchScreen_Generation[sdk=iphonesimulator*]" = YES;
				"INFOPLIST_KEY_UIStatusBarStyle[sdk=iphoneos*]" = UIStatusBarStyleDefault;
				"INFOPLIST_KEY_UIStatusBarStyle[sdk=iphonesimulator*]" = UIStatusBarStyleDefault;
				INFOPLIST_KEY_UISupportedInterfaceOrientations_iPad = "UIInterfaceOrientationPortrait UIInterfaceOrientationPortraitUpsideDown UIInterfaceOrientationLandscapeLeft UIInterfaceOrientationLandscapeRight";
				INFOPLIST_KEY_UISupportedInterfaceOrientations_iPhone = "UIInterfaceOrientationPortrait UIInterfaceOrientationLandscapeLeft UIInterfaceOrientationLandscapeRight";
				IPHONEOS_DEPLOYMENT_TARGET = 16.0;
				LD_RUNPATH_SEARCH_PATHS = "@executable_path/Frameworks";
				"LD_RUNPATH_SEARCH_PATHS[sdk=macosx*]" = "@executable_path/../Frameworks";
				MACOSX_DEPLOYMENT_TARGET = 13.0;
				MARKETING_VERSION = 1.0;
				PRODUCT_BUNDLE_IDENTIFIER = Academy.Presentation;
				PRODUCT_NAME = "$(TARGET_NAME)";
				SDKROOT = auto;
				SUPPORTED_PLATFORMS = "iphoneos iphonesimulator macosx";
				SUPPORTS_MACCATALYST = YES;
				SUPPORTS_MAC_DESIGNED_FOR_IPHONE_IPAD = NO;
				SWIFT_EMIT_LOC_STRINGS = YES;
				SWIFT_VERSION = 5.0;
				TARGETED_DEVICE_FAMILY = "1,2";
			};
			name = Release;
		};
		95C57E242A25293800D7565F /* Debug */ = {
			isa = XCBuildConfiguration;
			buildSettings = {
				ALWAYS_SEARCH_USER_PATHS = NO;
				CLANG_ANALYZER_NONNULL = YES;
				CLANG_ANALYZER_NUMBER_OBJECT_CONVERSION = YES_AGGRESSIVE;
				CLANG_CXX_LANGUAGE_STANDARD = "gnu++20";
				CLANG_ENABLE_MODULES = YES;
				CLANG_ENABLE_OBJC_ARC = YES;
				CLANG_ENABLE_OBJC_WEAK = YES;
				CLANG_WARN_BLOCK_CAPTURE_AUTORELEASING = YES;
				CLANG_WARN_BOOL_CONVERSION = YES;
				CLANG_WARN_COMMA = YES;
				CLANG_WARN_CONSTANT_CONVERSION = YES;
				CLANG_WARN_DEPRECATED_OBJC_IMPLEMENTATIONS = YES;
				CLANG_WARN_DIRECT_OBJC_ISA_USAGE = YES_ERROR;
				CLANG_WARN_DOCUMENTATION_COMMENTS = YES;
				CLANG_WARN_EMPTY_BODY = YES;
				CLANG_WARN_ENUM_CONVERSION = YES;
				CLANG_WARN_INFINITE_RECURSION = YES;
				CLANG_WARN_INT_CONVERSION = YES;
				CLANG_WARN_NON_LITERAL_NULL_CONVERSION = YES;
				CLANG_WARN_OBJC_IMPLICIT_RETAIN_SELF = YES;
				CLANG_WARN_OBJC_LITERAL_CONVERSION = YES;
				CLANG_WARN_OBJC_ROOT_CLASS = YES_ERROR;
				CLANG_WARN_QUOTED_INCLUDE_IN_FRAMEWORK_HEADER = YES;
				CLANG_WARN_RANGE_LOOP_ANALYSIS = YES;
				CLANG_WARN_STRICT_PROTOTYPES = YES;
				CLANG_WARN_SUSPICIOUS_MOVE = YES;
				CLANG_WARN_UNGUARDED_AVAILABILITY = YES_AGGRESSIVE;
				CLANG_WARN_UNREACHABLE_CODE = YES;
				CLANG_WARN__DUPLICATE_METHOD_MATCH = YES;
				COPY_PHASE_STRIP = NO;
				DEBUG_INFORMATION_FORMAT = dwarf;
				ENABLE_STRICT_OBJC_MSGSEND = YES;
				ENABLE_TESTABILITY = YES;
				GCC_C_LANGUAGE_STANDARD = gnu11;
				GCC_DYNAMIC_NO_PIC = NO;
				GCC_NO_COMMON_BLOCKS = YES;
				GCC_OPTIMIZATION_LEVEL = 0;
				GCC_PREPROCESSOR_DEFINITIONS = (
					"DEBUG=1",
					"$(inherited)",
				);
				GCC_WARN_64_TO_32_BIT_CONVERSION = YES;
				GCC_WARN_ABOUT_RETURN_TYPE = YES_ERROR;
				GCC_WARN_UNDECLARED_SELECTOR = YES;
				GCC_WARN_UNINITIALIZED_AUTOS = YES_AGGRESSIVE;
				GCC_WARN_UNUSED_FUNCTION = YES;
				GCC_WARN_UNUSED_VARIABLE = YES;
				MTL_ENABLE_DEBUG_INFO = INCLUDE_SOURCE;
				MTL_FAST_MATH = YES;
				ONLY_ACTIVE_ARCH = YES;
				SWIFT_ACTIVE_COMPILATION_CONDITIONS = DEBUG;
				SWIFT_OPTIMIZATION_LEVEL = "-Onone";
			};
			name = Debug;
		};
		95C57E252A25293800D7565F /* Release */ = {
			isa = XCBuildConfiguration;
			buildSettings = {
				ALWAYS_SEARCH_USER_PATHS = NO;
				CLANG_ANALYZER_NONNULL = YES;
				CLANG_ANALYZER_NUMBER_OBJECT_CONVERSION = YES_AGGRESSIVE;
				CLANG_CXX_LANGUAGE_STANDARD = "gnu++20";
				CLANG_ENABLE_MODULES = YES;
				CLANG_ENABLE_OBJC_ARC = YES;
				CLANG_ENABLE_OBJC_WEAK = YES;
				CLANG_WARN_BLOCK_CAPTURE_AUTORELEASING = YES;
				CLANG_WARN_BOOL_CONVERSION = YES;
				CLANG_WARN_COMMA = YES;
				CLANG_WARN_CONSTANT_CONVERSION = YES;
				CLANG_WARN_DEPRECATED_OBJC_IMPLEMENTATIONS = YES;
				CLANG_WARN_DIRECT_OBJC_ISA_USAGE = YES_ERROR;
				CLANG_WARN_DOCUMENTATION_COMMENTS = YES;
				CLANG_WARN_EMPTY_BODY = YES;
				CLANG_WARN_ENUM_CONVERSION = YES;
				CLANG_WARN_INFINITE_RECURSION = YES;
				CLANG_WARN_INT_CONVERSION = YES;
				CLANG_WARN_NON_LITERAL_NULL_CONVERSION = YES;
				CLANG_WARN_OBJC_IMPLICIT_RETAIN_SELF = YES;
				CLANG_WARN_OBJC_LITERAL_CONVERSION = YES;
				CLANG_WARN_OBJC_ROOT_CLASS = YES_ERROR;
				CLANG_WARN_QUOTED_INCLUDE_IN_FRAMEWORK_HEADER = YES;
				CLANG_WARN_RANGE_LOOP_ANALYSIS = YES;
				CLANG_WARN_STRICT_PROTOTYPES = YES;
				CLANG_WARN_SUSPICIOUS_MOVE = YES;
				CLANG_WARN_UNGUARDED_AVAILABILITY = YES_AGGRESSIVE;
				CLANG_WARN_UNREACHABLE_CODE = YES;
				CLANG_WARN__DUPLICATE_METHOD_MATCH = YES;
				COPY_PHASE_STRIP = NO;
				DEBUG_INFORMATION_FORMAT = "dwarf-with-dsym";
				ENABLE_NS_ASSERTIONS = NO;
				ENABLE_STRICT_OBJC_MSGSEND = YES;
				GCC_C_LANGUAGE_STANDARD = gnu11;
				GCC_NO_COMMON_BLOCKS = YES;
				GCC_WARN_64_TO_32_BIT_CONVERSION = YES;
				GCC_WARN_ABOUT_RETURN_TYPE = YES_ERROR;
				GCC_WARN_UNDECLARED_SELECTOR = YES;
				GCC_WARN_UNINITIALIZED_AUTOS = YES_AGGRESSIVE;
				GCC_WARN_UNUSED_FUNCTION = YES;
				GCC_WARN_UNUSED_VARIABLE = YES;
				MTL_ENABLE_DEBUG_INFO = NO;
				MTL_FAST_MATH = YES;
				SWIFT_COMPILATION_MODE = wholemodule;
				SWIFT_OPTIMIZATION_LEVEL = "-O";
			};
			name = Release;
		};
		95C57E4E2A25311700D7565F /* Debug */ = {
			isa = XCBuildConfiguration;
			buildSettings = {
				CLANG_ENABLE_MODULES = YES;
				CODE_SIGN_STYLE = Automatic;
				CURRENT_PROJECT_VERSION = 1;
				DEFINES_MODULE = YES;
				DEVELOPMENT_TEAM = 35GM6XG62S;
				DYLIB_COMPATIBILITY_VERSION = 1;
				DYLIB_CURRENT_VERSION = 1;
				DYLIB_INSTALL_NAME_BASE = "@rpath";
				ENABLE_MODULE_VERIFIER = YES;
				GENERATE_INFOPLIST_FILE = YES;
				INFOPLIST_KEY_NSHumanReadableCopyright = "";
				INSTALL_PATH = "$(LOCAL_LIBRARY_DIR)/Frameworks";
				IPHONEOS_DEPLOYMENT_TARGET = 16.4;
				LD_RUNPATH_SEARCH_PATHS = (
					"@executable_path/Frameworks",
					"@loader_path/Frameworks",
				);
				"LD_RUNPATH_SEARCH_PATHS[sdk=macosx*]" = (
					"@executable_path/../Frameworks",
					"@loader_path/Frameworks",
				);
				MACOSX_DEPLOYMENT_TARGET = 13.3;
				MARKETING_VERSION = 1.0;
				MODULE_VERIFIER_SUPPORTED_LANGUAGES = "objective-c objective-c++";
				MODULE_VERIFIER_SUPPORTED_LANGUAGE_STANDARDS = "gnu11 gnu++20";
				PRODUCT_BUNDLE_IDENTIFIER = Academy.Domain;
				PRODUCT_NAME = "$(TARGET_NAME:c99extidentifier)";
				SDKROOT = auto;
				SKIP_INSTALL = YES;
				SUPPORTED_PLATFORMS = "iphoneos iphonesimulator macosx";
				SWIFT_EMIT_LOC_STRINGS = YES;
				SWIFT_OPTIMIZATION_LEVEL = "-Onone";
				SWIFT_VERSION = 5.0;
				TARGETED_DEVICE_FAMILY = "1,2";
				VERSIONING_SYSTEM = "apple-generic";
				VERSION_INFO_PREFIX = "";
			};
			name = Debug;
		};
		95C57E4F2A25311700D7565F /* Release */ = {
			isa = XCBuildConfiguration;
			buildSettings = {
				CLANG_ENABLE_MODULES = YES;
				CODE_SIGN_STYLE = Automatic;
				CURRENT_PROJECT_VERSION = 1;
				DEFINES_MODULE = YES;
				DEVELOPMENT_TEAM = 35GM6XG62S;
				DYLIB_COMPATIBILITY_VERSION = 1;
				DYLIB_CURRENT_VERSION = 1;
				DYLIB_INSTALL_NAME_BASE = "@rpath";
				ENABLE_MODULE_VERIFIER = YES;
				GENERATE_INFOPLIST_FILE = YES;
				INFOPLIST_KEY_NSHumanReadableCopyright = "";
				INSTALL_PATH = "$(LOCAL_LIBRARY_DIR)/Frameworks";
				IPHONEOS_DEPLOYMENT_TARGET = 16.4;
				LD_RUNPATH_SEARCH_PATHS = (
					"@executable_path/Frameworks",
					"@loader_path/Frameworks",
				);
				"LD_RUNPATH_SEARCH_PATHS[sdk=macosx*]" = (
					"@executable_path/../Frameworks",
					"@loader_path/Frameworks",
				);
				MACOSX_DEPLOYMENT_TARGET = 13.3;
				MARKETING_VERSION = 1.0;
				MODULE_VERIFIER_SUPPORTED_LANGUAGES = "objective-c objective-c++";
				MODULE_VERIFIER_SUPPORTED_LANGUAGE_STANDARDS = "gnu11 gnu++20";
				PRODUCT_BUNDLE_IDENTIFIER = Academy.Domain;
				PRODUCT_NAME = "$(TARGET_NAME:c99extidentifier)";
				SDKROOT = auto;
				SKIP_INSTALL = YES;
				SUPPORTED_PLATFORMS = "iphoneos iphonesimulator macosx";
				SWIFT_EMIT_LOC_STRINGS = YES;
				SWIFT_VERSION = 5.0;
				TARGETED_DEVICE_FAMILY = "1,2";
				VERSIONING_SYSTEM = "apple-generic";
				VERSION_INFO_PREFIX = "";
			};
			name = Release;
		};
		95C57E742A25396C00D7565F /* Debug */ = {
			isa = XCBuildConfiguration;
			buildSettings = {
				CODE_SIGN_STYLE = Automatic;
				CURRENT_PROJECT_VERSION = 1;
				DEFINES_MODULE = YES;
				DEVELOPMENT_TEAM = 35GM6XG62S;
				DYLIB_COMPATIBILITY_VERSION = 1;
				DYLIB_CURRENT_VERSION = 1;
				DYLIB_INSTALL_NAME_BASE = "@rpath";
				ENABLE_MODULE_VERIFIER = YES;
				GENERATE_INFOPLIST_FILE = YES;
				INFOPLIST_KEY_NSHumanReadableCopyright = "";
				INSTALL_PATH = "$(LOCAL_LIBRARY_DIR)/Frameworks";
				IPHONEOS_DEPLOYMENT_TARGET = 16.4;
				LD_RUNPATH_SEARCH_PATHS = (
					"@executable_path/Frameworks",
					"@loader_path/Frameworks",
				);
				"LD_RUNPATH_SEARCH_PATHS[sdk=macosx*]" = (
					"@executable_path/../Frameworks",
					"@loader_path/Frameworks",
				);
				MACOSX_DEPLOYMENT_TARGET = 13.3;
				MARKETING_VERSION = 1.0;
				MODULE_VERIFIER_SUPPORTED_LANGUAGES = "objective-c objective-c++";
				MODULE_VERIFIER_SUPPORTED_LANGUAGE_STANDARDS = "gnu11 gnu++20";
				PRODUCT_BUNDLE_IDENTIFIER = Academy.UseCases;
				PRODUCT_NAME = "$(TARGET_NAME:c99extidentifier)";
				SDKROOT = auto;
				SKIP_INSTALL = YES;
				SUPPORTED_PLATFORMS = "iphoneos iphonesimulator macosx";
				SUPPORTS_MACCATALYST = NO;
				SUPPORTS_MAC_DESIGNED_FOR_IPHONE_IPAD = NO;
				SWIFT_EMIT_LOC_STRINGS = YES;
				SWIFT_VERSION = 5.0;
				TARGETED_DEVICE_FAMILY = "1,2";
				VERSIONING_SYSTEM = "apple-generic";
				VERSION_INFO_PREFIX = "";
			};
			name = Debug;
		};
		95C57E752A25396C00D7565F /* Release */ = {
			isa = XCBuildConfiguration;
			buildSettings = {
				CODE_SIGN_STYLE = Automatic;
				CURRENT_PROJECT_VERSION = 1;
				DEFINES_MODULE = YES;
				DEVELOPMENT_TEAM = 35GM6XG62S;
				DYLIB_COMPATIBILITY_VERSION = 1;
				DYLIB_CURRENT_VERSION = 1;
				DYLIB_INSTALL_NAME_BASE = "@rpath";
				ENABLE_MODULE_VERIFIER = YES;
				GENERATE_INFOPLIST_FILE = YES;
				INFOPLIST_KEY_NSHumanReadableCopyright = "";
				INSTALL_PATH = "$(LOCAL_LIBRARY_DIR)/Frameworks";
				IPHONEOS_DEPLOYMENT_TARGET = 16.4;
				LD_RUNPATH_SEARCH_PATHS = (
					"@executable_path/Frameworks",
					"@loader_path/Frameworks",
				);
				"LD_RUNPATH_SEARCH_PATHS[sdk=macosx*]" = (
					"@executable_path/../Frameworks",
					"@loader_path/Frameworks",
				);
				MACOSX_DEPLOYMENT_TARGET = 13.3;
				MARKETING_VERSION = 1.0;
				MODULE_VERIFIER_SUPPORTED_LANGUAGES = "objective-c objective-c++";
				MODULE_VERIFIER_SUPPORTED_LANGUAGE_STANDARDS = "gnu11 gnu++20";
				PRODUCT_BUNDLE_IDENTIFIER = Academy.UseCases;
				PRODUCT_NAME = "$(TARGET_NAME:c99extidentifier)";
				SDKROOT = auto;
				SKIP_INSTALL = YES;
				SUPPORTED_PLATFORMS = "iphoneos iphonesimulator macosx";
				SUPPORTS_MACCATALYST = NO;
				SUPPORTS_MAC_DESIGNED_FOR_IPHONE_IPAD = NO;
				SWIFT_EMIT_LOC_STRINGS = YES;
				SWIFT_VERSION = 5.0;
				TARGETED_DEVICE_FAMILY = "1,2";
				VERSIONING_SYSTEM = "apple-generic";
				VERSION_INFO_PREFIX = "";
			};
			name = Release;
		};
		95C57E772A25396C00D7565F /* Debug */ = {
			isa = XCBuildConfiguration;
			buildSettings = {
				CODE_SIGN_STYLE = Automatic;
				CURRENT_PROJECT_VERSION = 1;
				DEVELOPMENT_TEAM = 35GM6XG62S;
				GENERATE_INFOPLIST_FILE = YES;
				IPHONEOS_DEPLOYMENT_TARGET = 16.4;
				MACOSX_DEPLOYMENT_TARGET = 13.3;
				MARKETING_VERSION = 1.0;
				PRODUCT_BUNDLE_IDENTIFIER = Academy.UseCasesTests;
				PRODUCT_NAME = "$(TARGET_NAME)";
				SDKROOT = auto;
				SUPPORTED_PLATFORMS = "iphoneos iphonesimulator macosx";
				SWIFT_EMIT_LOC_STRINGS = NO;
				SWIFT_VERSION = 5.0;
				TARGETED_DEVICE_FAMILY = "1,2";
				TEST_HOST = "$(BUILT_PRODUCTS_DIR)/FlashCard.app/$(BUNDLE_EXECUTABLE_FOLDER_PATH)/FlashCard";
			};
			name = Debug;
		};
		95C57E782A25396C00D7565F /* Release */ = {
			isa = XCBuildConfiguration;
			buildSettings = {
				CODE_SIGN_STYLE = Automatic;
				CURRENT_PROJECT_VERSION = 1;
				DEVELOPMENT_TEAM = 35GM6XG62S;
				GENERATE_INFOPLIST_FILE = YES;
				IPHONEOS_DEPLOYMENT_TARGET = 16.4;
				MACOSX_DEPLOYMENT_TARGET = 13.3;
				MARKETING_VERSION = 1.0;
				PRODUCT_BUNDLE_IDENTIFIER = Academy.UseCasesTests;
				PRODUCT_NAME = "$(TARGET_NAME)";
				SDKROOT = auto;
				SUPPORTED_PLATFORMS = "iphoneos iphonesimulator macosx";
				SWIFT_EMIT_LOC_STRINGS = NO;
				SWIFT_VERSION = 5.0;
				TARGETED_DEVICE_FAMILY = "1,2";
				TEST_HOST = "$(BUILT_PRODUCTS_DIR)/FlashCard.app/$(BUNDLE_EXECUTABLE_FOLDER_PATH)/FlashCard";
			};
			name = Release;
		};
/* End XCBuildConfiguration section */

/* Begin XCConfigurationList section */
		95BAC60A2A2987D1008D06E8 /* Build configuration list for PBXNativeTarget "Data" */ = {
			isa = XCConfigurationList;
			buildConfigurations = (
				95BAC60B2A2987D1008D06E8 /* Debug */,
				95BAC60C2A2987D1008D06E8 /* Release */,
			);
			defaultConfigurationIsVisible = 0;
			defaultConfigurationName = Release;
		};
		95BAC60D2A2987D1008D06E8 /* Build configuration list for PBXNativeTarget "DataTests" */ = {
			isa = XCConfigurationList;
			buildConfigurations = (
				95BAC60E2A2987D1008D06E8 /* Debug */,
				95BAC60F2A2987D1008D06E8 /* Release */,
			);
			defaultConfigurationIsVisible = 0;
			defaultConfigurationName = Release;
		};
		95BAC6262A298C11008D06E8 /* Build configuration list for PBXNativeTarget "Presentation" */ = {
			isa = XCConfigurationList;
			buildConfigurations = (
				95BAC6272A298C11008D06E8 /* Debug */,
				95BAC6282A298C11008D06E8 /* Release */,
			);
			defaultConfigurationIsVisible = 0;
			defaultConfigurationName = Release;
		};
		95C57E122A25293700D7565F /* Build configuration list for PBXProject "FlashCard" */ = {
			isa = XCConfigurationList;
			buildConfigurations = (
				95C57E242A25293800D7565F /* Debug */,
				95C57E252A25293800D7565F /* Release */,
			);
			defaultConfigurationIsVisible = 0;
			defaultConfigurationName = Release;
		};
		95C57E4D2A25311700D7565F /* Build configuration list for PBXNativeTarget "Domain" */ = {
			isa = XCConfigurationList;
			buildConfigurations = (
				95C57E4E2A25311700D7565F /* Debug */,
				95C57E4F2A25311700D7565F /* Release */,
			);
			defaultConfigurationIsVisible = 0;
			defaultConfigurationName = Release;
		};
		95C57E732A25396C00D7565F /* Build configuration list for PBXNativeTarget "UseCases" */ = {
			isa = XCConfigurationList;
			buildConfigurations = (
				95C57E742A25396C00D7565F /* Debug */,
				95C57E752A25396C00D7565F /* Release */,
			);
			defaultConfigurationIsVisible = 0;
			defaultConfigurationName = Release;
		};
		95C57E762A25396C00D7565F /* Build configuration list for PBXNativeTarget "UseCasesTests" */ = {
			isa = XCConfigurationList;
			buildConfigurations = (
				95C57E772A25396C00D7565F /* Debug */,
				95C57E782A25396C00D7565F /* Release */,
			);
			defaultConfigurationIsVisible = 0;
			defaultConfigurationName = Release;
		};
/* End XCConfigurationList section */

/* Begin XCVersionGroup section */
		95AAE9172A2C200D002CE9B8 /* Deck.xcdatamodeld */ = {
			isa = XCVersionGroup;
			children = (
				95AAE9182A2C200D002CE9B8 /* Deck.xcdatamodel */,
			);
			currentVersion = 95AAE9182A2C200D002CE9B8 /* Deck.xcdatamodel */;
			name = Deck.xcdatamodeld;
			path = ../Deck.xcdatamodeld;
			sourceTree = "<group>";
			versionGroupType = wrapper.xcdatamodel;
		};
/* End XCVersionGroup section */
	};
	rootObject = 95C57E0F2A25293700D7565F /* Project object */;
}
